// !$*UTF8*$!
{
	archiveVersion = 1;
	classes = {
	};
	objectVersion = 56;
	objects = {

/* Begin PBXBuildFile section */
		650E67662BEE4F1300269C73 /* CI.xctestplan in Resources */ = {isa = PBXBuildFile; fileRef = 650E67622BEE4F1200269C73 /* CI.xctestplan */; };
		650E67672BEE4F1300269C73 /* EssentialFeed.xctestplan in Resources */ = {isa = PBXBuildFile; fileRef = 650E67632BEE4F1200269C73 /* EssentialFeed.xctestplan */; };
		650E67682BEE4F1300269C73 /* EssentialFeedAPIEndToEndTests.xctestplan in Resources */ = {isa = PBXBuildFile; fileRef = 650E67642BEE4F1200269C73 /* EssentialFeedAPIEndToEndTests.xctestplan */; };
		650E676B2BF0E42C00269C73 /* LocalFeedLoader.swift in Sources */ = {isa = PBXBuildFile; fileRef = 650E676A2BF0E42C00269C73 /* LocalFeedLoader.swift */; };
		650E676D2BF0E4B700269C73 /* FeedStore.swift in Sources */ = {isa = PBXBuildFile; fileRef = 650E676C2BF0E4B700269C73 /* FeedStore.swift */; };
		650E676F2BF0F45B00269C73 /* RemoteFeedImage.swift in Sources */ = {isa = PBXBuildFile; fileRef = 650E676E2BF0F45B00269C73 /* RemoteFeedImage.swift */; };
		650E67712BF0F4AC00269C73 /* LocalFeedImage.swift in Sources */ = {isa = PBXBuildFile; fileRef = 650E67702BF0F4AC00269C73 /* LocalFeedImage.swift */; };
		650E67732BF0FDDD00269C73 /* LoadFeedFromCacheUseCaseTests.swift in Sources */ = {isa = PBXBuildFile; fileRef = 650E67722BF0FDDD00269C73 /* LoadFeedFromCacheUseCaseTests.swift */; };
		650E67752BF0FE4800269C73 /* FeedStoreSpy.swift in Sources */ = {isa = PBXBuildFile; fileRef = 650E67742BF0FE4800269C73 /* FeedStoreSpy.swift */; };
		650E67792BF10E8800269C73 /* ValidateFeedCacheUseCaseTests.swift in Sources */ = {isa = PBXBuildFile; fileRef = 650E67782BF10E8800269C73 /* ValidateFeedCacheUseCaseTests.swift */; };
		650E677B2BF1109300269C73 /* FeedCacheTestHelpers.swift in Sources */ = {isa = PBXBuildFile; fileRef = 650E677A2BF1109300269C73 /* FeedCacheTestHelpers.swift */; };
		650E677D2BF1113600269C73 /* SharedTestHelpers.swift in Sources */ = {isa = PBXBuildFile; fileRef = 650E677C2BF1113600269C73 /* SharedTestHelpers.swift */; };
		650E677F2BF228E800269C73 /* FeedCachePolicy.swift in Sources */ = {isa = PBXBuildFile; fileRef = 650E677E2BF228E800269C73 /* FeedCachePolicy.swift */; };
		650E67812BF2353400269C73 /* CodableFeedStoreTests.swift in Sources */ = {isa = PBXBuildFile; fileRef = 650E67802BF2353400269C73 /* CodableFeedStoreTests.swift */; };
		651CC6B52BF27834002A999A /* CodableFeedStore.swift in Sources */ = {isa = PBXBuildFile; fileRef = 651CC6B42BF27834002A999A /* CodableFeedStore.swift */; };
		651CC6B82BF3723F002A999A /* FeedStoreSpecs.swift in Sources */ = {isa = PBXBuildFile; fileRef = 651CC6B72BF3723F002A999A /* FeedStoreSpecs.swift */; };
		651CC6BA2BF37275002A999A /* XCTestCase+FailableDeleteFeedStoreSpecs.swift in Sources */ = {isa = PBXBuildFile; fileRef = 651CC6B92BF37275002A999A /* XCTestCase+FailableDeleteFeedStoreSpecs.swift */; };
		651CC6BC2BF372B3002A999A /* XCTestCase+FailableInsertFeedStoreSpecs.swift in Sources */ = {isa = PBXBuildFile; fileRef = 651CC6BB2BF372B3002A999A /* XCTestCase+FailableInsertFeedStoreSpecs.swift */; };
		651CC6BE2BF372CE002A999A /* XCTestCase+FailableRetrieveFeedStoreSpecs.swift in Sources */ = {isa = PBXBuildFile; fileRef = 651CC6BD2BF372CE002A999A /* XCTestCase+FailableRetrieveFeedStoreSpecs.swift */; };
		651CC6C02BF372ED002A999A /* XCTestCase+FeedStoreSpecs.swift in Sources */ = {isa = PBXBuildFile; fileRef = 651CC6BF2BF372ED002A999A /* XCTestCase+FeedStoreSpecs.swift */; };
		651CC6C22BF37C6F002A999A /* CoreDataFeedStoreTests.swift in Sources */ = {isa = PBXBuildFile; fileRef = 651CC6C12BF37C6F002A999A /* CoreDataFeedStoreTests.swift */; };
		651CC6C42BF37CC9002A999A /* CoreDataFeedStore.swift in Sources */ = {isa = PBXBuildFile; fileRef = 651CC6C32BF37CC9002A999A /* CoreDataFeedStore.swift */; };
		651CC6C72BF37D87002A999A /* FeedStore.xcdatamodeld in Sources */ = {isa = PBXBuildFile; fileRef = 651CC6C52BF37D87002A999A /* FeedStore.xcdatamodeld */; };
		65FB749C2BE51F3100B89521 /* EssentialFeed.framework in Frameworks */ = {isa = PBXBuildFile; fileRef = 65FB74932BE51F3100B89521 /* EssentialFeed.framework */; };
		65FB74A22BE51F3100B89521 /* EssentialFeed.h in Headers */ = {isa = PBXBuildFile; fileRef = 65FB74962BE51F3100B89521 /* EssentialFeed.h */; settings = {ATTRIBUTES = (Public, ); }; };
		65FB74AC2BE51F4C00B89521 /* FeedImage.swift in Sources */ = {isa = PBXBuildFile; fileRef = 65FB74AB2BE51F4C00B89521 /* FeedImage.swift */; };
		65FB74AE2BE5204400B89521 /* FeedLoader.swift in Sources */ = {isa = PBXBuildFile; fileRef = 65FB74AD2BE5204400B89521 /* FeedLoader.swift */; };
		65FB74B32BE5225F00B89521 /* LoadFeedFromRemoteUseCaseTests.swift in Sources */ = {isa = PBXBuildFile; fileRef = 65FB74B22BE5225F00B89521 /* LoadFeedFromRemoteUseCaseTests.swift */; };
		65FB74B52BE5298400B89521 /* RemoteFeedLoader.swift in Sources */ = {isa = PBXBuildFile; fileRef = 65FB74B42BE5298400B89521 /* RemoteFeedLoader.swift */; };
		65FB74B72BEA3C7600B89521 /* HTTPClient.swift in Sources */ = {isa = PBXBuildFile; fileRef = 65FB74B62BEA3C7600B89521 /* HTTPClient.swift */; };
		65FB74B92BEA3DF000B89521 /* FeedImagesMapper.swift in Sources */ = {isa = PBXBuildFile; fileRef = 65FB74B82BEA3DF000B89521 /* FeedImagesMapper.swift */; };
		65FB74BC2BEA515000B89521 /* URLSessionHTTPClientTests.swift in Sources */ = {isa = PBXBuildFile; fileRef = 65FB74BB2BEA515000B89521 /* URLSessionHTTPClientTests.swift */; };
		65FB74BE2BEADD5000B89521 /* XCTestCase+MemoryLeakTracking.swift in Sources */ = {isa = PBXBuildFile; fileRef = 65FB74BD2BEADD5000B89521 /* XCTestCase+MemoryLeakTracking.swift */; };
		65FB74C12BEAE66D00B89521 /* URLSessionHTTPClient.swift in Sources */ = {isa = PBXBuildFile; fileRef = 65FB74C02BEAE66D00B89521 /* URLSessionHTTPClient.swift */; };
		65FB74D72BEAEEC200B89521 /* EssentialFeedAPIEndToEndTests.swift in Sources */ = {isa = PBXBuildFile; fileRef = 65FB74D62BEAEEC200B89521 /* EssentialFeedAPIEndToEndTests.swift */; };
		65FB74D82BEAEEC200B89521 /* EssentialFeed.framework in Frameworks */ = {isa = PBXBuildFile; fileRef = 65FB74932BE51F3100B89521 /* EssentialFeed.framework */; };
		65FB74DE2BEAF0DB00B89521 /* XCTestCase+MemoryLeakTracking.swift in Sources */ = {isa = PBXBuildFile; fileRef = 65FB74BD2BEADD5000B89521 /* XCTestCase+MemoryLeakTracking.swift */; };
		65FB74E72BEE3F8600B89521 /* CacheFeedUseCaseTests.swift in Sources */ = {isa = PBXBuildFile; fileRef = 65FB74E62BEE3F8600B89521 /* CacheFeedUseCaseTests.swift */; };
/* End PBXBuildFile section */

/* Begin PBXContainerItemProxy section */
		65FB749D2BE51F3100B89521 /* PBXContainerItemProxy */ = {
			isa = PBXContainerItemProxy;
			containerPortal = 65FB748A2BE51F3100B89521 /* Project object */;
			proxyType = 1;
			remoteGlobalIDString = 65FB74922BE51F3100B89521;
			remoteInfo = EssentialFeed;
		};
		65FB74D92BEAEEC200B89521 /* PBXContainerItemProxy */ = {
			isa = PBXContainerItemProxy;
			containerPortal = 65FB748A2BE51F3100B89521 /* Project object */;
			proxyType = 1;
			remoteGlobalIDString = 65FB74922BE51F3100B89521;
			remoteInfo = EssentialFeed;
		};
/* End PBXContainerItemProxy section */

/* Begin PBXFileReference section */
		650E67622BEE4F1200269C73 /* CI.xctestplan */ = {isa = PBXFileReference; fileEncoding = 4; lastKnownFileType = text; path = CI.xctestplan; sourceTree = "<group>"; };
		650E67632BEE4F1200269C73 /* EssentialFeed.xctestplan */ = {isa = PBXFileReference; fileEncoding = 4; lastKnownFileType = text; path = EssentialFeed.xctestplan; sourceTree = "<group>"; };
		650E67642BEE4F1200269C73 /* EssentialFeedAPIEndToEndTests.xctestplan */ = {isa = PBXFileReference; fileEncoding = 4; lastKnownFileType = text; path = EssentialFeedAPIEndToEndTests.xctestplan; sourceTree = "<group>"; };
		650E676A2BF0E42C00269C73 /* LocalFeedLoader.swift */ = {isa = PBXFileReference; lastKnownFileType = sourcecode.swift; path = LocalFeedLoader.swift; sourceTree = "<group>"; };
		650E676C2BF0E4B700269C73 /* FeedStore.swift */ = {isa = PBXFileReference; lastKnownFileType = sourcecode.swift; path = FeedStore.swift; sourceTree = "<group>"; };
		650E676E2BF0F45B00269C73 /* RemoteFeedImage.swift */ = {isa = PBXFileReference; lastKnownFileType = sourcecode.swift; path = RemoteFeedImage.swift; sourceTree = "<group>"; };
		650E67702BF0F4AC00269C73 /* LocalFeedImage.swift */ = {isa = PBXFileReference; lastKnownFileType = sourcecode.swift; path = LocalFeedImage.swift; sourceTree = "<group>"; };
		650E67722BF0FDDD00269C73 /* LoadFeedFromCacheUseCaseTests.swift */ = {isa = PBXFileReference; lastKnownFileType = sourcecode.swift; path = LoadFeedFromCacheUseCaseTests.swift; sourceTree = "<group>"; };
		650E67742BF0FE4800269C73 /* FeedStoreSpy.swift */ = {isa = PBXFileReference; lastKnownFileType = sourcecode.swift; path = FeedStoreSpy.swift; sourceTree = "<group>"; };
		650E67782BF10E8800269C73 /* ValidateFeedCacheUseCaseTests.swift */ = {isa = PBXFileReference; lastKnownFileType = sourcecode.swift; path = ValidateFeedCacheUseCaseTests.swift; sourceTree = "<group>"; };
		650E677A2BF1109300269C73 /* FeedCacheTestHelpers.swift */ = {isa = PBXFileReference; lastKnownFileType = sourcecode.swift; path = FeedCacheTestHelpers.swift; sourceTree = "<group>"; };
		650E677C2BF1113600269C73 /* SharedTestHelpers.swift */ = {isa = PBXFileReference; lastKnownFileType = sourcecode.swift; path = SharedTestHelpers.swift; sourceTree = "<group>"; };
		650E677E2BF228E800269C73 /* FeedCachePolicy.swift */ = {isa = PBXFileReference; lastKnownFileType = sourcecode.swift; path = FeedCachePolicy.swift; sourceTree = "<group>"; };
		650E67802BF2353400269C73 /* CodableFeedStoreTests.swift */ = {isa = PBXFileReference; lastKnownFileType = sourcecode.swift; path = CodableFeedStoreTests.swift; sourceTree = "<group>"; };
		651CC6B42BF27834002A999A /* CodableFeedStore.swift */ = {isa = PBXFileReference; lastKnownFileType = sourcecode.swift; path = CodableFeedStore.swift; sourceTree = "<group>"; };
		651CC6B72BF3723F002A999A /* FeedStoreSpecs.swift */ = {isa = PBXFileReference; lastKnownFileType = sourcecode.swift; path = FeedStoreSpecs.swift; sourceTree = "<group>"; };
		651CC6B92BF37275002A999A /* XCTestCase+FailableDeleteFeedStoreSpecs.swift */ = {isa = PBXFileReference; lastKnownFileType = sourcecode.swift; path = "XCTestCase+FailableDeleteFeedStoreSpecs.swift"; sourceTree = "<group>"; };
		651CC6BB2BF372B3002A999A /* XCTestCase+FailableInsertFeedStoreSpecs.swift */ = {isa = PBXFileReference; lastKnownFileType = sourcecode.swift; path = "XCTestCase+FailableInsertFeedStoreSpecs.swift"; sourceTree = "<group>"; };
		651CC6BD2BF372CE002A999A /* XCTestCase+FailableRetrieveFeedStoreSpecs.swift */ = {isa = PBXFileReference; lastKnownFileType = sourcecode.swift; path = "XCTestCase+FailableRetrieveFeedStoreSpecs.swift"; sourceTree = "<group>"; };
		651CC6BF2BF372ED002A999A /* XCTestCase+FeedStoreSpecs.swift */ = {isa = PBXFileReference; lastKnownFileType = sourcecode.swift; path = "XCTestCase+FeedStoreSpecs.swift"; sourceTree = "<group>"; };
		651CC6C12BF37C6F002A999A /* CoreDataFeedStoreTests.swift */ = {isa = PBXFileReference; lastKnownFileType = sourcecode.swift; path = CoreDataFeedStoreTests.swift; sourceTree = "<group>"; };
		651CC6C32BF37CC9002A999A /* CoreDataFeedStore.swift */ = {isa = PBXFileReference; lastKnownFileType = sourcecode.swift; path = CoreDataFeedStore.swift; sourceTree = "<group>"; };
		651CC6C62BF37D87002A999A /* FeedStore.xcdatamodel */ = {isa = PBXFileReference; lastKnownFileType = wrapper.xcdatamodel; path = FeedStore.xcdatamodel; sourceTree = "<group>"; };
		65FB74932BE51F3100B89521 /* EssentialFeed.framework */ = {isa = PBXFileReference; explicitFileType = wrapper.framework; includeInIndex = 0; path = EssentialFeed.framework; sourceTree = BUILT_PRODUCTS_DIR; };
		65FB74962BE51F3100B89521 /* EssentialFeed.h */ = {isa = PBXFileReference; lastKnownFileType = sourcecode.c.h; path = EssentialFeed.h; sourceTree = "<group>"; };
		65FB749B2BE51F3100B89521 /* EssentialFeedTests.xctest */ = {isa = PBXFileReference; explicitFileType = wrapper.cfbundle; includeInIndex = 0; path = EssentialFeedTests.xctest; sourceTree = BUILT_PRODUCTS_DIR; };
		65FB74AB2BE51F4C00B89521 /* FeedImage.swift */ = {isa = PBXFileReference; lastKnownFileType = sourcecode.swift; path = FeedImage.swift; sourceTree = "<group>"; };
		65FB74AD2BE5204400B89521 /* FeedLoader.swift */ = {isa = PBXFileReference; lastKnownFileType = sourcecode.swift; path = FeedLoader.swift; sourceTree = "<group>"; };
		65FB74B22BE5225F00B89521 /* LoadFeedFromRemoteUseCaseTests.swift */ = {isa = PBXFileReference; lastKnownFileType = sourcecode.swift; path = LoadFeedFromRemoteUseCaseTests.swift; sourceTree = "<group>"; };
		65FB74B42BE5298400B89521 /* RemoteFeedLoader.swift */ = {isa = PBXFileReference; lastKnownFileType = sourcecode.swift; path = RemoteFeedLoader.swift; sourceTree = "<group>"; };
		65FB74B62BEA3C7600B89521 /* HTTPClient.swift */ = {isa = PBXFileReference; lastKnownFileType = sourcecode.swift; path = HTTPClient.swift; sourceTree = "<group>"; };
		65FB74B82BEA3DF000B89521 /* FeedImagesMapper.swift */ = {isa = PBXFileReference; lastKnownFileType = sourcecode.swift; path = FeedImagesMapper.swift; sourceTree = "<group>"; };
		65FB74BB2BEA515000B89521 /* URLSessionHTTPClientTests.swift */ = {isa = PBXFileReference; lastKnownFileType = sourcecode.swift; path = URLSessionHTTPClientTests.swift; sourceTree = "<group>"; };
		65FB74BD2BEADD5000B89521 /* XCTestCase+MemoryLeakTracking.swift */ = {isa = PBXFileReference; lastKnownFileType = sourcecode.swift; path = "XCTestCase+MemoryLeakTracking.swift"; sourceTree = "<group>"; };
		65FB74C02BEAE66D00B89521 /* URLSessionHTTPClient.swift */ = {isa = PBXFileReference; lastKnownFileType = sourcecode.swift; path = URLSessionHTTPClient.swift; sourceTree = "<group>"; };
		65FB74D42BEAEEC200B89521 /* EssentialFeedAPIEndToEndTests.xctest */ = {isa = PBXFileReference; explicitFileType = wrapper.cfbundle; includeInIndex = 0; path = EssentialFeedAPIEndToEndTests.xctest; sourceTree = BUILT_PRODUCTS_DIR; };
		65FB74D62BEAEEC200B89521 /* EssentialFeedAPIEndToEndTests.swift */ = {isa = PBXFileReference; lastKnownFileType = sourcecode.swift; path = EssentialFeedAPIEndToEndTests.swift; sourceTree = "<group>"; };
		65FB74E62BEE3F8600B89521 /* CacheFeedUseCaseTests.swift */ = {isa = PBXFileReference; lastKnownFileType = sourcecode.swift; path = CacheFeedUseCaseTests.swift; sourceTree = "<group>"; };
/* End PBXFileReference section */

/* Begin PBXFrameworksBuildPhase section */
		65FB74902BE51F3100B89521 /* Frameworks */ = {
			isa = PBXFrameworksBuildPhase;
			buildActionMask = 2147483647;
			files = (
			);
			runOnlyForDeploymentPostprocessing = 0;
		};
		65FB74982BE51F3100B89521 /* Frameworks */ = {
			isa = PBXFrameworksBuildPhase;
			buildActionMask = 2147483647;
			files = (
				65FB749C2BE51F3100B89521 /* EssentialFeed.framework in Frameworks */,
			);
			runOnlyForDeploymentPostprocessing = 0;
		};
		65FB74D12BEAEEC200B89521 /* Frameworks */ = {
			isa = PBXFrameworksBuildPhase;
			buildActionMask = 2147483647;
			files = (
				65FB74D82BEAEEC200B89521 /* EssentialFeed.framework in Frameworks */,
			);
			runOnlyForDeploymentPostprocessing = 0;
		};
/* End PBXFrameworksBuildPhase section */

/* Begin PBXGroup section */
		650E67652BEE4F1200269C73 /* XCTestPlans */ = {
			isa = PBXGroup;
			children = (
				650E67622BEE4F1200269C73 /* CI.xctestplan */,
				650E67632BEE4F1200269C73 /* EssentialFeed.xctestplan */,
				650E67642BEE4F1200269C73 /* EssentialFeedAPIEndToEndTests.xctestplan */,
			);
			path = XCTestPlans;
			sourceTree = "<group>";
		};
		650E67692BF0E41F00269C73 /* FeedCache */ = {
			isa = PBXGroup;
			children = (
				650E676A2BF0E42C00269C73 /* LocalFeedLoader.swift */,
				650E676C2BF0E4B700269C73 /* FeedStore.swift */,
				650E67702BF0F4AC00269C73 /* LocalFeedImage.swift */,
				650E677E2BF228E800269C73 /* FeedCachePolicy.swift */,
				651CC6B42BF27834002A999A /* CodableFeedStore.swift */,
				651CC6C32BF37CC9002A999A /* CoreDataFeedStore.swift */,
				651CC6C52BF37D87002A999A /* FeedStore.xcdatamodeld */,
			);
			path = FeedCache;
			sourceTree = "<group>";
		};
		650E67772BF0FE6F00269C73 /* Helpers */ = {
			isa = PBXGroup;
			children = (
				650E67742BF0FE4800269C73 /* FeedStoreSpy.swift */,
				650E677A2BF1109300269C73 /* FeedCacheTestHelpers.swift */,
			);
			path = Helpers;
			sourceTree = "<group>";
		};
		651CC6B62BF3722C002A999A /* FeedStoreSpecs */ = {
			isa = PBXGroup;
			children = (
				651CC6B72BF3723F002A999A /* FeedStoreSpecs.swift */,
				651CC6B92BF37275002A999A /* XCTestCase+FailableDeleteFeedStoreSpecs.swift */,
				651CC6BB2BF372B3002A999A /* XCTestCase+FailableInsertFeedStoreSpecs.swift */,
				651CC6BD2BF372CE002A999A /* XCTestCase+FailableRetrieveFeedStoreSpecs.swift */,
				651CC6BF2BF372ED002A999A /* XCTestCase+FeedStoreSpecs.swift */,
			);
			path = FeedStoreSpecs;
			sourceTree = "<group>";
		};
		65FB74892BE51F3100B89521 = {
			isa = PBXGroup;
			children = (
				650E67652BEE4F1200269C73 /* XCTestPlans */,
				65FB74952BE51F3100B89521 /* EssentialFeed */,
				65FB749F2BE51F3100B89521 /* EssentialFeedTests */,
				65FB74D52BEAEEC200B89521 /* EssentialFeedAPIEndToEndTests */,
				65FB74942BE51F3100B89521 /* Products */,
			);
			sourceTree = "<group>";
		};
		65FB74942BE51F3100B89521 /* Products */ = {
			isa = PBXGroup;
			children = (
				65FB74932BE51F3100B89521 /* EssentialFeed.framework */,
				65FB749B2BE51F3100B89521 /* EssentialFeedTests.xctest */,
				65FB74D42BEAEEC200B89521 /* EssentialFeedAPIEndToEndTests.xctest */,
			);
			name = Products;
			sourceTree = "<group>";
		};
		65FB74952BE51F3100B89521 /* EssentialFeed */ = {
			isa = PBXGroup;
			children = (
				650E67692BF0E41F00269C73 /* FeedCache */,
				65FB74962BE51F3100B89521 /* EssentialFeed.h */,
				65FB74AF2BE5208400B89521 /* FeedAPI */,
			);
			path = EssentialFeed;
			sourceTree = "<group>";
		};
		65FB749F2BE51F3100B89521 /* EssentialFeedTests */ = {
			isa = PBXGroup;
			children = (
				65FB74BF2BEADD5700B89521 /* Helpers */,
				65FB74E52BEE3F6300B89521 /* FeedCache */,
				65FB74BA2BEA437800B89521 /* FeedAPI */,
			);
			path = EssentialFeedTests;
			sourceTree = "<group>";
		};
		65FB74AF2BE5208400B89521 /* FeedAPI */ = {
			isa = PBXGroup;
			children = (
				65FB74AD2BE5204400B89521 /* FeedLoader.swift */,
				65FB74B62BEA3C7600B89521 /* HTTPClient.swift */,
				65FB74B82BEA3DF000B89521 /* FeedImagesMapper.swift */,
				65FB74AB2BE51F4C00B89521 /* FeedImage.swift */,
				65FB74B42BE5298400B89521 /* RemoteFeedLoader.swift */,
				65FB74C02BEAE66D00B89521 /* URLSessionHTTPClient.swift */,
				650E676E2BF0F45B00269C73 /* RemoteFeedImage.swift */,
			);
			path = FeedAPI;
			sourceTree = "<group>";
		};
		65FB74BA2BEA437800B89521 /* FeedAPI */ = {
			isa = PBXGroup;
			children = (
				65FB74B22BE5225F00B89521 /* LoadFeedFromRemoteUseCaseTests.swift */,
				65FB74BB2BEA515000B89521 /* URLSessionHTTPClientTests.swift */,
			);
			path = FeedAPI;
			sourceTree = "<group>";
		};
		65FB74BF2BEADD5700B89521 /* Helpers */ = {
			isa = PBXGroup;
			children = (
				65FB74BD2BEADD5000B89521 /* XCTestCase+MemoryLeakTracking.swift */,
				650E677C2BF1113600269C73 /* SharedTestHelpers.swift */,
			);
			path = Helpers;
			sourceTree = "<group>";
		};
		65FB74D52BEAEEC200B89521 /* EssentialFeedAPIEndToEndTests */ = {
			isa = PBXGroup;
			children = (
				65FB74D62BEAEEC200B89521 /* EssentialFeedAPIEndToEndTests.swift */,
			);
			path = EssentialFeedAPIEndToEndTests;
			sourceTree = "<group>";
		};
		65FB74E52BEE3F6300B89521 /* FeedCache */ = {
			isa = PBXGroup;
			children = (
				651CC6B62BF3722C002A999A /* FeedStoreSpecs */,
				650E67772BF0FE6F00269C73 /* Helpers */,
				650E67722BF0FDDD00269C73 /* LoadFeedFromCacheUseCaseTests.swift */,
				650E67802BF2353400269C73 /* CodableFeedStoreTests.swift */,
				65FB74E62BEE3F8600B89521 /* CacheFeedUseCaseTests.swift */,
				650E67782BF10E8800269C73 /* ValidateFeedCacheUseCaseTests.swift */,
				651CC6C12BF37C6F002A999A /* CoreDataFeedStoreTests.swift */,
			);
			path = FeedCache;
			sourceTree = "<group>";
		};
/* End PBXGroup section */

/* Begin PBXHeadersBuildPhase section */
		65FB748E2BE51F3100B89521 /* Headers */ = {
			isa = PBXHeadersBuildPhase;
			buildActionMask = 2147483647;
			files = (
				65FB74A22BE51F3100B89521 /* EssentialFeed.h in Headers */,
			);
			runOnlyForDeploymentPostprocessing = 0;
		};
/* End PBXHeadersBuildPhase section */

/* Begin PBXNativeTarget section */
		65FB74922BE51F3100B89521 /* EssentialFeed */ = {
			isa = PBXNativeTarget;
			buildConfigurationList = 65FB74A52BE51F3100B89521 /* Build configuration list for PBXNativeTarget "EssentialFeed" */;
			buildPhases = (
				65FB748E2BE51F3100B89521 /* Headers */,
				65FB748F2BE51F3100B89521 /* Sources */,
				65FB74902BE51F3100B89521 /* Frameworks */,
				65FB74912BE51F3100B89521 /* Resources */,
			);
			buildRules = (
			);
			dependencies = (
			);
			name = EssentialFeed;
			productName = EssentialFeed;
			productReference = 65FB74932BE51F3100B89521 /* EssentialFeed.framework */;
			productType = "com.apple.product-type.framework";
		};
		65FB749A2BE51F3100B89521 /* EssentialFeedTests */ = {
			isa = PBXNativeTarget;
			buildConfigurationList = 65FB74A82BE51F3100B89521 /* Build configuration list for PBXNativeTarget "EssentialFeedTests" */;
			buildPhases = (
				65FB74972BE51F3100B89521 /* Sources */,
				65FB74982BE51F3100B89521 /* Frameworks */,
				65FB74992BE51F3100B89521 /* Resources */,
			);
			buildRules = (
			);
			dependencies = (
				65FB749E2BE51F3100B89521 /* PBXTargetDependency */,
			);
			name = EssentialFeedTests;
			productName = EssentialFeedTests;
			productReference = 65FB749B2BE51F3100B89521 /* EssentialFeedTests.xctest */;
			productType = "com.apple.product-type.bundle.unit-test";
		};
		65FB74D32BEAEEC200B89521 /* EssentialFeedAPIEndToEndTests */ = {
			isa = PBXNativeTarget;
			buildConfigurationList = 65FB74DD2BEAEEC200B89521 /* Build configuration list for PBXNativeTarget "EssentialFeedAPIEndToEndTests" */;
			buildPhases = (
				65FB74D02BEAEEC200B89521 /* Sources */,
				65FB74D12BEAEEC200B89521 /* Frameworks */,
				65FB74D22BEAEEC200B89521 /* Resources */,
			);
			buildRules = (
			);
			dependencies = (
				65FB74DA2BEAEEC200B89521 /* PBXTargetDependency */,
			);
			name = EssentialFeedAPIEndToEndTests;
			productName = EssentialFeedAPIEndToEndTests;
			productReference = 65FB74D42BEAEEC200B89521 /* EssentialFeedAPIEndToEndTests.xctest */;
			productType = "com.apple.product-type.bundle.unit-test";
		};
/* End PBXNativeTarget section */

/* Begin PBXProject section */
		65FB748A2BE51F3100B89521 /* Project object */ = {
			isa = PBXProject;
			attributes = {
				BuildIndependentTargetsInParallel = 1;
				LastSwiftUpdateCheck = 1530;
				LastUpgradeCheck = 1530;
				TargetAttributes = {
					65FB74922BE51F3100B89521 = {
						CreatedOnToolsVersion = 15.3;
						LastSwiftMigration = 1530;
					};
					65FB749A2BE51F3100B89521 = {
						CreatedOnToolsVersion = 15.3;
						LastSwiftMigration = 1530;
					};
					65FB74D32BEAEEC200B89521 = {
						CreatedOnToolsVersion = 15.3;
					};
				};
			};
			buildConfigurationList = 65FB748D2BE51F3100B89521 /* Build configuration list for PBXProject "EssentialFeed" */;
			compatibilityVersion = "Xcode 14.0";
			developmentRegion = en;
			hasScannedForEncodings = 0;
			knownRegions = (
				en,
				Base,
			);
			mainGroup = 65FB74892BE51F3100B89521;
			productRefGroup = 65FB74942BE51F3100B89521 /* Products */;
			projectDirPath = "";
			projectRoot = "";
			targets = (
				65FB74922BE51F3100B89521 /* EssentialFeed */,
				65FB749A2BE51F3100B89521 /* EssentialFeedTests */,
				65FB74D32BEAEEC200B89521 /* EssentialFeedAPIEndToEndTests */,
			);
		};
/* End PBXProject section */

/* Begin PBXResourcesBuildPhase section */
		65FB74912BE51F3100B89521 /* Resources */ = {
			isa = PBXResourcesBuildPhase;
			buildActionMask = 2147483647;
			files = (
				650E67682BEE4F1300269C73 /* EssentialFeedAPIEndToEndTests.xctestplan in Resources */,
				650E67672BEE4F1300269C73 /* EssentialFeed.xctestplan in Resources */,
				650E67662BEE4F1300269C73 /* CI.xctestplan in Resources */,
			);
			runOnlyForDeploymentPostprocessing = 0;
		};
		65FB74992BE51F3100B89521 /* Resources */ = {
			isa = PBXResourcesBuildPhase;
			buildActionMask = 2147483647;
			files = (
			);
			runOnlyForDeploymentPostprocessing = 0;
		};
		65FB74D22BEAEEC200B89521 /* Resources */ = {
			isa = PBXResourcesBuildPhase;
			buildActionMask = 2147483647;
			files = (
			);
			runOnlyForDeploymentPostprocessing = 0;
		};
/* End PBXResourcesBuildPhase section */

/* Begin PBXSourcesBuildPhase section */
		65FB748F2BE51F3100B89521 /* Sources */ = {
			isa = PBXSourcesBuildPhase;
			buildActionMask = 2147483647;
			files = (
				65FB74B92BEA3DF000B89521 /* FeedImagesMapper.swift in Sources */,
				65FB74AE2BE5204400B89521 /* FeedLoader.swift in Sources */,
				650E676F2BF0F45B00269C73 /* RemoteFeedImage.swift in Sources */,
				650E677F2BF228E800269C73 /* FeedCachePolicy.swift in Sources */,
				65FB74B52BE5298400B89521 /* RemoteFeedLoader.swift in Sources */,
				651CC6C72BF37D87002A999A /* FeedStore.xcdatamodeld in Sources */,
				650E67712BF0F4AC00269C73 /* LocalFeedImage.swift in Sources */,
				650E676D2BF0E4B700269C73 /* FeedStore.swift in Sources */,
				650E676B2BF0E42C00269C73 /* LocalFeedLoader.swift in Sources */,
				651CC6B52BF27834002A999A /* CodableFeedStore.swift in Sources */,
				65FB74B72BEA3C7600B89521 /* HTTPClient.swift in Sources */,
				65FB74AC2BE51F4C00B89521 /* FeedImage.swift in Sources */,
				65FB74C12BEAE66D00B89521 /* URLSessionHTTPClient.swift in Sources */,
				651CC6C42BF37CC9002A999A /* CoreDataFeedStore.swift in Sources */,
			);
			runOnlyForDeploymentPostprocessing = 0;
		};
		65FB74972BE51F3100B89521 /* Sources */ = {
			isa = PBXSourcesBuildPhase;
			buildActionMask = 2147483647;
			files = (
				651CC6BA2BF37275002A999A /* XCTestCase+FailableDeleteFeedStoreSpecs.swift in Sources */,
				650E67812BF2353400269C73 /* CodableFeedStoreTests.swift in Sources */,
				650E677B2BF1109300269C73 /* FeedCacheTestHelpers.swift in Sources */,
				651CC6BE2BF372CE002A999A /* XCTestCase+FailableRetrieveFeedStoreSpecs.swift in Sources */,
				650E67792BF10E8800269C73 /* ValidateFeedCacheUseCaseTests.swift in Sources */,
				65FB74B32BE5225F00B89521 /* LoadFeedFromRemoteUseCaseTests.swift in Sources */,
				65FB74BC2BEA515000B89521 /* URLSessionHTTPClientTests.swift in Sources */,
				650E67752BF0FE4800269C73 /* FeedStoreSpy.swift in Sources */,
				651CC6C02BF372ED002A999A /* XCTestCase+FeedStoreSpecs.swift in Sources */,
				651CC6BC2BF372B3002A999A /* XCTestCase+FailableInsertFeedStoreSpecs.swift in Sources */,
				650E677D2BF1113600269C73 /* SharedTestHelpers.swift in Sources */,
				65FB74E72BEE3F8600B89521 /* CacheFeedUseCaseTests.swift in Sources */,
				65FB74BE2BEADD5000B89521 /* XCTestCase+MemoryLeakTracking.swift in Sources */,
				651CC6B82BF3723F002A999A /* FeedStoreSpecs.swift in Sources */,
				651CC6C22BF37C6F002A999A /* CoreDataFeedStoreTests.swift in Sources */,
				650E67732BF0FDDD00269C73 /* LoadFeedFromCacheUseCaseTests.swift in Sources */,
			);
			runOnlyForDeploymentPostprocessing = 0;
		};
		65FB74D02BEAEEC200B89521 /* Sources */ = {
			isa = PBXSourcesBuildPhase;
			buildActionMask = 2147483647;
			files = (
				65FB74D72BEAEEC200B89521 /* EssentialFeedAPIEndToEndTests.swift in Sources */,
				65FB74DE2BEAF0DB00B89521 /* XCTestCase+MemoryLeakTracking.swift in Sources */,
			);
			runOnlyForDeploymentPostprocessing = 0;
		};
/* End PBXSourcesBuildPhase section */

/* Begin PBXTargetDependency section */
		65FB749E2BE51F3100B89521 /* PBXTargetDependency */ = {
			isa = PBXTargetDependency;
			target = 65FB74922BE51F3100B89521 /* EssentialFeed */;
			targetProxy = 65FB749D2BE51F3100B89521 /* PBXContainerItemProxy */;
		};
		65FB74DA2BEAEEC200B89521 /* PBXTargetDependency */ = {
			isa = PBXTargetDependency;
			target = 65FB74922BE51F3100B89521 /* EssentialFeed */;
			targetProxy = 65FB74D92BEAEEC200B89521 /* PBXContainerItemProxy */;
		};
/* End PBXTargetDependency section */

/* Begin XCBuildConfiguration section */
		65FB74A32BE51F3100B89521 /* Debug */ = {
			isa = XCBuildConfiguration;
			buildSettings = {
				ALWAYS_SEARCH_USER_PATHS = NO;
				ASSETCATALOG_COMPILER_GENERATE_SWIFT_ASSET_SYMBOL_EXTENSIONS = YES;
				CLANG_ANALYZER_NONNULL = YES;
				CLANG_ANALYZER_NUMBER_OBJECT_CONVERSION = YES_AGGRESSIVE;
				CLANG_CXX_LANGUAGE_STANDARD = "gnu++20";
				CLANG_ENABLE_MODULES = YES;
				CLANG_ENABLE_OBJC_ARC = YES;
				CLANG_ENABLE_OBJC_WEAK = YES;
				CLANG_WARN_BLOCK_CAPTURE_AUTORELEASING = YES;
				CLANG_WARN_BOOL_CONVERSION = YES;
				CLANG_WARN_COMMA = YES;
				CLANG_WARN_CONSTANT_CONVERSION = YES;
				CLANG_WARN_DEPRECATED_OBJC_IMPLEMENTATIONS = YES;
				CLANG_WARN_DIRECT_OBJC_ISA_USAGE = YES_ERROR;
				CLANG_WARN_DOCUMENTATION_COMMENTS = YES;
				CLANG_WARN_EMPTY_BODY = YES;
				CLANG_WARN_ENUM_CONVERSION = YES;
				CLANG_WARN_INFINITE_RECURSION = YES;
				CLANG_WARN_INT_CONVERSION = YES;
				CLANG_WARN_NON_LITERAL_NULL_CONVERSION = YES;
				CLANG_WARN_OBJC_IMPLICIT_RETAIN_SELF = YES;
				CLANG_WARN_OBJC_LITERAL_CONVERSION = YES;
				CLANG_WARN_OBJC_ROOT_CLASS = YES_ERROR;
				CLANG_WARN_QUOTED_INCLUDE_IN_FRAMEWORK_HEADER = YES;
				CLANG_WARN_RANGE_LOOP_ANALYSIS = YES;
				CLANG_WARN_STRICT_PROTOTYPES = YES;
				CLANG_WARN_SUSPICIOUS_MOVE = YES;
				CLANG_WARN_UNGUARDED_AVAILABILITY = YES_AGGRESSIVE;
				CLANG_WARN_UNREACHABLE_CODE = YES;
				CLANG_WARN__DUPLICATE_METHOD_MATCH = YES;
				COPY_PHASE_STRIP = NO;
				CURRENT_PROJECT_VERSION = 1;
				DEBUG_INFORMATION_FORMAT = dwarf;
				ENABLE_STRICT_OBJC_MSGSEND = YES;
				ENABLE_TESTABILITY = YES;
				ENABLE_USER_SCRIPT_SANDBOXING = YES;
				GCC_C_LANGUAGE_STANDARD = gnu17;
				GCC_DYNAMIC_NO_PIC = NO;
				GCC_NO_COMMON_BLOCKS = YES;
				GCC_OPTIMIZATION_LEVEL = 0;
				GCC_PREPROCESSOR_DEFINITIONS = (
					"DEBUG=1",
					"$(inherited)",
				);
				GCC_WARN_64_TO_32_BIT_CONVERSION = YES;
				GCC_WARN_ABOUT_RETURN_TYPE = YES_ERROR;
				GCC_WARN_UNDECLARED_SELECTOR = YES;
				GCC_WARN_UNINITIALIZED_AUTOS = YES_AGGRESSIVE;
				GCC_WARN_UNUSED_FUNCTION = YES;
				GCC_WARN_UNUSED_VARIABLE = YES;
				IPHONEOS_DEPLOYMENT_TARGET = 17.4;
				LOCALIZATION_PREFERS_STRING_CATALOGS = YES;
				MTL_ENABLE_DEBUG_INFO = INCLUDE_SOURCE;
				MTL_FAST_MATH = YES;
				ONLY_ACTIVE_ARCH = YES;
				SDKROOT = iphoneos;
				SWIFT_ACTIVE_COMPILATION_CONDITIONS = "DEBUG $(inherited)";
				SWIFT_OPTIMIZATION_LEVEL = "-Onone";
				VERSIONING_SYSTEM = "apple-generic";
				VERSION_INFO_PREFIX = "";
			};
			name = Debug;
		};
		65FB74A42BE51F3100B89521 /* Release */ = {
			isa = XCBuildConfiguration;
			buildSettings = {
				ALWAYS_SEARCH_USER_PATHS = NO;
				ASSETCATALOG_COMPILER_GENERATE_SWIFT_ASSET_SYMBOL_EXTENSIONS = YES;
				CLANG_ANALYZER_NONNULL = YES;
				CLANG_ANALYZER_NUMBER_OBJECT_CONVERSION = YES_AGGRESSIVE;
				CLANG_CXX_LANGUAGE_STANDARD = "gnu++20";
				CLANG_ENABLE_MODULES = YES;
				CLANG_ENABLE_OBJC_ARC = YES;
				CLANG_ENABLE_OBJC_WEAK = YES;
				CLANG_WARN_BLOCK_CAPTURE_AUTORELEASING = YES;
				CLANG_WARN_BOOL_CONVERSION = YES;
				CLANG_WARN_COMMA = YES;
				CLANG_WARN_CONSTANT_CONVERSION = YES;
				CLANG_WARN_DEPRECATED_OBJC_IMPLEMENTATIONS = YES;
				CLANG_WARN_DIRECT_OBJC_ISA_USAGE = YES_ERROR;
				CLANG_WARN_DOCUMENTATION_COMMENTS = YES;
				CLANG_WARN_EMPTY_BODY = YES;
				CLANG_WARN_ENUM_CONVERSION = YES;
				CLANG_WARN_INFINITE_RECURSION = YES;
				CLANG_WARN_INT_CONVERSION = YES;
				CLANG_WARN_NON_LITERAL_NULL_CONVERSION = YES;
				CLANG_WARN_OBJC_IMPLICIT_RETAIN_SELF = YES;
				CLANG_WARN_OBJC_LITERAL_CONVERSION = YES;
				CLANG_WARN_OBJC_ROOT_CLASS = YES_ERROR;
				CLANG_WARN_QUOTED_INCLUDE_IN_FRAMEWORK_HEADER = YES;
				CLANG_WARN_RANGE_LOOP_ANALYSIS = YES;
				CLANG_WARN_STRICT_PROTOTYPES = YES;
				CLANG_WARN_SUSPICIOUS_MOVE = YES;
				CLANG_WARN_UNGUARDED_AVAILABILITY = YES_AGGRESSIVE;
				CLANG_WARN_UNREACHABLE_CODE = YES;
				CLANG_WARN__DUPLICATE_METHOD_MATCH = YES;
				COPY_PHASE_STRIP = NO;
				CURRENT_PROJECT_VERSION = 1;
				DEBUG_INFORMATION_FORMAT = "dwarf-with-dsym";
				ENABLE_NS_ASSERTIONS = NO;
				ENABLE_STRICT_OBJC_MSGSEND = YES;
				ENABLE_USER_SCRIPT_SANDBOXING = YES;
				GCC_C_LANGUAGE_STANDARD = gnu17;
				GCC_NO_COMMON_BLOCKS = YES;
				GCC_WARN_64_TO_32_BIT_CONVERSION = YES;
				GCC_WARN_ABOUT_RETURN_TYPE = YES_ERROR;
				GCC_WARN_UNDECLARED_SELECTOR = YES;
				GCC_WARN_UNINITIALIZED_AUTOS = YES_AGGRESSIVE;
				GCC_WARN_UNUSED_FUNCTION = YES;
				GCC_WARN_UNUSED_VARIABLE = YES;
				IPHONEOS_DEPLOYMENT_TARGET = 17.4;
				LOCALIZATION_PREFERS_STRING_CATALOGS = YES;
				MTL_ENABLE_DEBUG_INFO = NO;
				MTL_FAST_MATH = YES;
				SDKROOT = iphoneos;
				SWIFT_COMPILATION_MODE = wholemodule;
				VALIDATE_PRODUCT = YES;
				VERSIONING_SYSTEM = "apple-generic";
				VERSION_INFO_PREFIX = "";
			};
			name = Release;
		};
		65FB74A62BE51F3100B89521 /* Debug */ = {
			isa = XCBuildConfiguration;
			buildSettings = {
				BUILD_LIBRARY_FOR_DISTRIBUTION = YES;
				CLANG_ENABLE_MODULES = YES;
				CODE_SIGN_IDENTITY = "Apple Development";
				CODE_SIGN_STYLE = Automatic;
				CURRENT_PROJECT_VERSION = 1;
				DEFINES_MODULE = YES;
				DEVELOPMENT_TEAM = "";
				DYLIB_COMPATIBILITY_VERSION = 1;
				DYLIB_CURRENT_VERSION = 1;
				DYLIB_INSTALL_NAME_BASE = "@rpath";
				ENABLE_MODULE_VERIFIER = YES;
				GENERATE_INFOPLIST_FILE = YES;
				INFOPLIST_KEY_NSHumanReadableCopyright = "";
				INSTALL_PATH = "$(LOCAL_LIBRARY_DIR)/Frameworks";
				LD_RUNPATH_SEARCH_PATHS = (
					"$(inherited)",
					"@executable_path/Frameworks",
					"@loader_path/Frameworks",
				);
				MARKETING_VERSION = 1.0;
				MODULE_VERIFIER_SUPPORTED_LANGUAGES = "objective-c objective-c++";
				MODULE_VERIFIER_SUPPORTED_LANGUAGE_STANDARDS = "gnu17 gnu++20";
				PRODUCT_BUNDLE_IDENTIFIER = "Andrea-Miotto.EssentialFeed";
				PRODUCT_NAME = "$(TARGET_NAME:c99extidentifier)";
				PROVISIONING_PROFILE_SPECIFIER = "";
				SKIP_INSTALL = YES;
				SWIFT_EMIT_LOC_STRINGS = YES;
				SWIFT_INSTALL_OBJC_HEADER = NO;
				SWIFT_OPTIMIZATION_LEVEL = "-Onone";
				SWIFT_VERSION = 5.0;
				TARGETED_DEVICE_FAMILY = "1,2";
			};
			name = Debug;
		};
		65FB74A72BE51F3100B89521 /* Release */ = {
			isa = XCBuildConfiguration;
			buildSettings = {
				BUILD_LIBRARY_FOR_DISTRIBUTION = YES;
				CLANG_ENABLE_MODULES = YES;
				CODE_SIGN_STYLE = Automatic;
				CURRENT_PROJECT_VERSION = 1;
				DEFINES_MODULE = YES;
				DEVELOPMENT_TEAM = 23536XD8LD;
				DYLIB_COMPATIBILITY_VERSION = 1;
				DYLIB_CURRENT_VERSION = 1;
				DYLIB_INSTALL_NAME_BASE = "@rpath";
				ENABLE_MODULE_VERIFIER = YES;
				GENERATE_INFOPLIST_FILE = YES;
				INFOPLIST_KEY_NSHumanReadableCopyright = "";
				INSTALL_PATH = "$(LOCAL_LIBRARY_DIR)/Frameworks";
				LD_RUNPATH_SEARCH_PATHS = (
					"$(inherited)",
					"@executable_path/Frameworks",
					"@loader_path/Frameworks",
				);
				MARKETING_VERSION = 1.0;
				MODULE_VERIFIER_SUPPORTED_LANGUAGES = "objective-c objective-c++";
				MODULE_VERIFIER_SUPPORTED_LANGUAGE_STANDARDS = "gnu17 gnu++20";
				PRODUCT_BUNDLE_IDENTIFIER = "Andrea-Miotto.EssentialFeed";
				PRODUCT_NAME = "$(TARGET_NAME:c99extidentifier)";
				SKIP_INSTALL = YES;
				SWIFT_EMIT_LOC_STRINGS = YES;
				SWIFT_INSTALL_OBJC_HEADER = NO;
				SWIFT_VERSION = 5.0;
				TARGETED_DEVICE_FAMILY = "1,2";
			};
			name = Release;
		};
		65FB74A92BE51F3100B89521 /* Debug */ = {
			isa = XCBuildConfiguration;
			buildSettings = {
				ALWAYS_EMBED_SWIFT_STANDARD_LIBRARIES = YES;
				CLANG_ENABLE_MODULES = YES;
				CODE_SIGN_IDENTITY = "Apple Development";
				CODE_SIGN_STYLE = Automatic;
				CURRENT_PROJECT_VERSION = 1;
				DEVELOPMENT_TEAM = "";
				GENERATE_INFOPLIST_FILE = YES;
				MARKETING_VERSION = 1.0;
				PRODUCT_BUNDLE_IDENTIFIER = "Andrea-Miotto.EssentialFeedTests";
				PRODUCT_NAME = "$(TARGET_NAME)";
				PROVISIONING_PROFILE_SPECIFIER = "";
				SWIFT_EMIT_LOC_STRINGS = NO;
				SWIFT_OPTIMIZATION_LEVEL = "-Onone";
				SWIFT_VERSION = 5.0;
				TARGETED_DEVICE_FAMILY = "1,2";
			};
			name = Debug;
		};
		65FB74AA2BE51F3100B89521 /* Release */ = {
			isa = XCBuildConfiguration;
			buildSettings = {
				ALWAYS_EMBED_SWIFT_STANDARD_LIBRARIES = YES;
				CLANG_ENABLE_MODULES = YES;
				CODE_SIGN_STYLE = Automatic;
				CURRENT_PROJECT_VERSION = 1;
				DEVELOPMENT_TEAM = 23536XD8LD;
				GENERATE_INFOPLIST_FILE = YES;
				MARKETING_VERSION = 1.0;
				PRODUCT_BUNDLE_IDENTIFIER = "Andrea-Miotto.EssentialFeedTests";
				PRODUCT_NAME = "$(TARGET_NAME)";
				SWIFT_EMIT_LOC_STRINGS = NO;
				SWIFT_VERSION = 5.0;
				TARGETED_DEVICE_FAMILY = "1,2";
			};
			name = Release;
		};
		65FB74DB2BEAEEC200B89521 /* Debug */ = {
			isa = XCBuildConfiguration;
			buildSettings = {
				CODE_SIGN_IDENTITY = "Apple Development";
				CODE_SIGN_STYLE = Automatic;
				CURRENT_PROJECT_VERSION = 1;
				DEVELOPMENT_TEAM = "";
				GENERATE_INFOPLIST_FILE = YES;
				MARKETING_VERSION = 1.0;
				PRODUCT_BUNDLE_IDENTIFIER = "Andrea-Miotto.EssentialFeedAPIEndToEndTests";
				PRODUCT_NAME = "$(TARGET_NAME)";
				PROVISIONING_PROFILE_SPECIFIER = "";
				SWIFT_EMIT_LOC_STRINGS = NO;
				SWIFT_VERSION = 5.0;
				TARGETED_DEVICE_FAMILY = "1,2";
			};
			name = Debug;
		};
		65FB74DC2BEAEEC200B89521 /* Release */ = {
			isa = XCBuildConfiguration;
			buildSettings = {
				CODE_SIGN_STYLE = Automatic;
				CURRENT_PROJECT_VERSION = 1;
				DEVELOPMENT_TEAM = 23536XD8LD;
				GENERATE_INFOPLIST_FILE = YES;
				MARKETING_VERSION = 1.0;
				PRODUCT_BUNDLE_IDENTIFIER = "Andrea-Miotto.EssentialFeedAPIEndToEndTests";
				PRODUCT_NAME = "$(TARGET_NAME)";
				SWIFT_EMIT_LOC_STRINGS = NO;
				SWIFT_VERSION = 5.0;
				TARGETED_DEVICE_FAMILY = "1,2";
			};
			name = Release;
		};
/* End XCBuildConfiguration section */

/* Begin XCConfigurationList section */
		65FB748D2BE51F3100B89521 /* Build configuration list for PBXProject "EssentialFeed" */ = {
			isa = XCConfigurationList;
			buildConfigurations = (
				65FB74A32BE51F3100B89521 /* Debug */,
				65FB74A42BE51F3100B89521 /* Release */,
			);
			defaultConfigurationIsVisible = 0;
			defaultConfigurationName = Release;
		};
		65FB74A52BE51F3100B89521 /* Build configuration list for PBXNativeTarget "EssentialFeed" */ = {
			isa = XCConfigurationList;
			buildConfigurations = (
				65FB74A62BE51F3100B89521 /* Debug */,
				65FB74A72BE51F3100B89521 /* Release */,
			);
			defaultConfigurationIsVisible = 0;
			defaultConfigurationName = Release;
		};
		65FB74A82BE51F3100B89521 /* Build configuration list for PBXNativeTarget "EssentialFeedTests" */ = {
			isa = XCConfigurationList;
			buildConfigurations = (
				65FB74A92BE51F3100B89521 /* Debug */,
				65FB74AA2BE51F3100B89521 /* Release */,
			);
			defaultConfigurationIsVisible = 0;
			defaultConfigurationName = Release;
		};
		65FB74DD2BEAEEC200B89521 /* Build configuration list for PBXNativeTarget "EssentialFeedAPIEndToEndTests" */ = {
			isa = XCConfigurationList;
			buildConfigurations = (
				65FB74DB2BEAEEC200B89521 /* Debug */,
				65FB74DC2BEAEEC200B89521 /* Release */,
			);
			defaultConfigurationIsVisible = 0;
			defaultConfigurationName = Release;
		};
/* End XCConfigurationList section */

/* Begin XCVersionGroup section */
		651CC6C52BF37D87002A999A /* FeedStore.xcdatamodeld */ = {
			isa = XCVersionGroup;
			children = (
				651CC6C62BF37D87002A999A /* FeedStore.xcdatamodel */,
			);
			currentVersion = 651CC6C62BF37D87002A999A /* FeedStore.xcdatamodel */;
			name = FeedStore.xcdatamodeld;
			path = /Users/andrea/Repos/EssentialFeed/EssentialFeed/FeedCache/FeedStore.xcdatamodeld;
			sourceTree = "<group>";
			versionGroupType = wrapper.xcdatamodel;
		};
/* End XCVersionGroup section */
	};
	rootObject = 65FB748A2BE51F3100B89521 /* Project object */;
}
